
Microsoft Visual Studio Solution File, Format Version 12.00
# Visual Studio 15
VisualStudioVersion = 15.0.27703.2035
MinimumVisualStudioVersion = 10.0.40219.1
Project("{FAE04EC0-301F-11D3-BF4B-00C04F79EFBC}") = "App.Entities.Base", "App.Entities.Base\App.Entities.Base.csproj", "{F8847ED6-D62C-45CA-A7E5-EFEB0642192F}"
EndProject
Project("{FAE04EC0-301F-11D3-BF4B-00C04F79EFBC}") = "App.Data.DataBase", "App.Data.DataBase\App.Data.DataBase.csproj", "{D9A3485F-32D2-48A0-AA55-5D3457CF70A9}"
EndProject
Project("{FAE04EC0-301F-11D3-BF4B-00C04F79EFBC}") = "App.Data.DataBase.Test", "App.Data.DataBase.Test\App.Data.DataBase.Test.csproj", "{EB361B3C-17B8-4A1C-A6C1-985C366CDC7E}"
EndProject
Project("{FAE04EC0-301F-11D3-BF4B-00C04F79EFBC}") = "App.Data.Repositoy.Interfaces", "App.Data.Repositoy.Interfaces\App.Data.Repositoy.Interfaces.csproj", "{7AF14AF6-3045-48DA-9CA0-CA0CB990B172}"
EndProject
Project("{FAE04EC0-301F-11D3-BF4B-00C04F79EFBC}") = "App.Data.Repository", "App.Data.Repository\App.Data.Repository.csproj", "{30A19249-7FD4-40DB-B027-EEC13502CD3A}"
EndProject
Project("{FAE04EC0-301F-11D3-BF4B-00C04F79EFBC}") = "App.Data.Repository.Test", "App.Data.Repository.Test\App.Data.Repository.Test.csproj", "{14A89648-1579-4F37-816D-27736F21FAD5}"
EndProject
Project("{FAE04EC0-301F-11D3-BF4B-00C04F79EFBC}") = "App.UI.Web.MVC", "App.UI.Web.MVC\App.UI.Web.MVC.csproj", "{C74E2B25-0C99-43BA-8558-0D50F90C1769}"
EndProject
Project("{FAE04EC0-301F-11D3-BF4B-00C04F79EFBC}") = "App.UI.Web.MVC.Tests", "App.UI.Web.MVC.Tests\App.UI.Web.MVC.Tests.csproj", "{4E0A4DD4-8C1F-42CF-8C91-06C127EAD1AA}"
EndProject
Project("{2150E333-8FDC-42A3-9474-1A3956D46DE8}") = "Data", "Data", "{8515F4BB-7875-4736-B202-4CA3808762EC}"
EndProject
Project("{2150E333-8FDC-42A3-9474-1A3956D46DE8}") = "Entities", "Entities", "{EFD58FCC-8AFA-44A1-BB02-5B2FC99C3AD9}"
EndProject
Project("{2150E333-8FDC-42A3-9474-1A3956D46DE8}") = "Presentation", "Presentation", "{8C653372-8AF4-4D25-9DD8-38457C27BFAA}"
EndProject
Project("{2150E333-8FDC-42A3-9474-1A3956D46DE8}") = "Domain", "Domain", "{C0017B58-F2DD-4BDD-9EB0-419B099D61D2}"
EndProject
Project("{FAE04EC0-301F-11D3-BF4B-00C04F79EFBC}") = "App.Domain.Services", "App.Domain.Services\App.Domain.Services.csproj", "{9B8D75B3-A924-4C7A-AFDB-97D667680BC0}"
EndProject
Project("{FAE04EC0-301F-11D3-BF4B-00C04F79EFBC}") = "App.Domain.Services.Interfaces", "App.Domain.Services.Interfaces\App.Domain.Services.Interfaces.csproj", "{CB5A8E10-8C08-4F2D-8A14-3BD98ED03904}"
EndProject
Project("{FAE04EC0-301F-11D3-BF4B-00C04F79EFBC}") = "App.Entities.Queries", "App.Entities.Queries\App.Entities.Queries.csproj", "{DA7BDCAB-1F6A-48F1-8F65-C42F53284D12}"
EndProject
Global
	GlobalSection(SolutionConfigurationPlatforms) = preSolution
		Debug|Any CPU = Debug|Any CPU
		Release|Any CPU = Release|Any CPU
	EndGlobalSection
	GlobalSection(ProjectConfigurationPlatforms) = postSolution
		{F8847ED6-D62C-45CA-A7E5-EFEB0642192F}.Debug|Any CPU.ActiveCfg = Debug|Any CPU
		{F8847ED6-D62C-45CA-A7E5-EFEB0642192F}.Debug|Any CPU.Build.0 = Debug|Any CPU
		{F8847ED6-D62C-45CA-A7E5-EFEB0642192F}.Release|Any CPU.ActiveCfg = Release|Any CPU
		{F8847ED6-D62C-45CA-A7E5-EFEB0642192F}.Release|Any CPU.Build.0 = Release|Any CPU
		{D9A3485F-32D2-48A0-AA55-5D3457CF70A9}.Debug|Any CPU.ActiveCfg = Debug|Any CPU
		{D9A3485F-32D2-48A0-AA55-5D3457CF70A9}.Debug|Any CPU.Build.0 = Debug|Any CPU
		{D9A3485F-32D2-48A0-AA55-5D3457CF70A9}.Release|Any CPU.ActiveCfg = Release|Any CPU
		{D9A3485F-32D2-48A0-AA55-5D3457CF70A9}.Release|Any CPU.Build.0 = Release|Any CPU
		{EB361B3C-17B8-4A1C-A6C1-985C366CDC7E}.Debug|Any CPU.ActiveCfg = Debug|Any CPU
		{EB361B3C-17B8-4A1C-A6C1-985C366CDC7E}.Debug|Any CPU.Build.0 = Debug|Any CPU
		{EB361B3C-17B8-4A1C-A6C1-985C366CDC7E}.Release|Any CPU.ActiveCfg = Release|Any CPU
		{EB361B3C-17B8-4A1C-A6C1-985C366CDC7E}.Release|Any CPU.Build.0 = Release|Any CPU
		{7AF14AF6-3045-48DA-9CA0-CA0CB990B172}.Debug|Any CPU.ActiveCfg = Debug|Any CPU
		{7AF14AF6-3045-48DA-9CA0-CA0CB990B172}.Debug|Any CPU.Build.0 = Debug|Any CPU
		{7AF14AF6-3045-48DA-9CA0-CA0CB990B172}.Release|Any CPU.ActiveCfg = Release|Any CPU
		{7AF14AF6-3045-48DA-9CA0-CA0CB990B172}.Release|Any CPU.Build.0 = Release|Any CPU
		{30A19249-7FD4-40DB-B027-EEC13502CD3A}.Debug|Any CPU.ActiveCfg = Debug|Any CPU
		{30A19249-7FD4-40DB-B027-EEC13502CD3A}.Debug|Any CPU.Build.0 = Debug|Any CPU
		{30A19249-7FD4-40DB-B027-EEC13502CD3A}.Release|Any CPU.ActiveCfg = Release|Any CPU
		{30A19249-7FD4-40DB-B027-EEC13502CD3A}.Release|Any CPU.Build.0 = Release|Any CPU
		{14A89648-1579-4F37-816D-27736F21FAD5}.Debug|Any CPU.ActiveCfg = Debug|Any CPU
		{14A89648-1579-4F37-816D-27736F21FAD5}.Debug|Any CPU.Build.0 = Debug|Any CPU
		{14A89648-1579-4F37-816D-27736F21FAD5}.Release|Any CPU.ActiveCfg = Release|Any CPU
		{14A89648-1579-4F37-816D-27736F21FAD5}.Release|Any CPU.Build.0 = Release|Any CPU
		{C74E2B25-0C99-43BA-8558-0D50F90C1769}.Debug|Any CPU.ActiveCfg = Debug|Any CPU
		{C74E2B25-0C99-43BA-8558-0D50F90C1769}.Debug|Any CPU.Build.0 = Debug|Any CPU
		{C74E2B25-0C99-43BA-8558-0D50F90C1769}.Release|Any CPU.ActiveCfg = Release|Any CPU
		{C74E2B25-0C99-43BA-8558-0D50F90C1769}.Release|Any CPU.Build.0 = Release|Any CPU
		{4E0A4DD4-8C1F-42CF-8C91-06C127EAD1AA}.Debug|Any CPU.ActiveCfg = Debug|Any CPU
		{4E0A4DD4-8C1F-42CF-8C91-06C127EAD1AA}.Debug|Any CPU.Build.0 = Debug|Any CPU
		{4E0A4DD4-8C1F-42CF-8C91-06C127EAD1AA}.Release|Any CPU.ActiveCfg = Release|Any CPU
		{4E0A4DD4-8C1F-42CF-8C91-06C127EAD1AA}.Release|Any CPU.Build.0 = Release|Any CPU
		{9B8D75B3-A924-4C7A-AFDB-97D667680BC0}.Debug|Any CPU.ActiveCfg = Debug|Any CPU
		{9B8D75B3-A924-4C7A-AFDB-97D667680BC0}.Debug|Any CPU.Build.0 = Debug|Any CPU
		{9B8D75B3-A924-4C7A-AFDB-97D667680BC0}.Release|Any CPU.ActiveCfg = Release|Any CPU
		{9B8D75B3-A924-4C7A-AFDB-97D667680BC0}.Release|Any CPU.Build.0 = Release|Any CPU
		{CB5A8E10-8C08-4F2D-8A14-3BD98ED03904}.Debug|Any CPU.ActiveCfg = Debug|Any CPU
		{CB5A8E10-8C08-4F2D-8A14-3BD98ED03904}.Debug|Any CPU.Build.0 = Debug|Any CPU
		{CB5A8E10-8C08-4F2D-8A14-3BD98ED03904}.Release|Any CPU.ActiveCfg = Release|Any CPU
		{CB5A8E10-8C08-4F2D-8A14-3BD98ED03904}.Release|Any CPU.Build.0 = Release|Any CPU
		{DA7BDCAB-1F6A-48F1-8F65-C42F53284D12}.Debug|Any CPU.ActiveCfg = Debug|Any CPU
		{DA7BDCAB-1F6A-48F1-8F65-C42F53284D12}.Debug|Any CPU.Build.0 = Debug|Any CPU
		{DA7BDCAB-1F6A-48F1-8F65-C42F53284D12}.Release|Any CPU.ActiveCfg = Release|Any CPU
		{DA7BDCAB-1F6A-48F1-8F65-C42F53284D12}.Release|Any CPU.Build.0 = Release|Any CPU
	EndGlobalSection
	GlobalSection(SolutionProperties) = preSolution
		HideSolutionNode = FALSE
	EndGlobalSection
	GlobalSection(NestedProjects) = preSolution
		{F8847ED6-D62C-45CA-A7E5-EFEB0642192F} = {EFD58FCC-8AFA-44A1-BB02-5B2FC99C3AD9}
		{D9A3485F-32D2-48A0-AA55-5D3457CF70A9} = {8515F4BB-7875-4736-B202-4CA3808762EC}
		{EB361B3C-17B8-4A1C-A6C1-985C366CDC7E} = {8515F4BB-7875-4736-B202-4CA3808762EC}
		{7AF14AF6-3045-48DA-9CA0-CA0CB990B172} = {8515F4BB-7875-4736-B202-4CA3808762EC}
		{30A19249-7FD4-40DB-B027-EEC13502CD3A} = {8515F4BB-7875-4736-B202-4CA3808762EC}
		{14A89648-1579-4F37-816D-27736F21FAD5} = {8515F4BB-7875-4736-B202-4CA3808762EC}
		{C74E2B25-0C99-43BA-8558-0D50F90C1769} = {8C653372-8AF4-4D25-9DD8-38457C27BFAA}
		{4E0A4DD4-8C1F-42CF-8C91-06C127EAD1AA} = {8C653372-8AF4-4D25-9DD8-38457C27BFAA}
		{9B8D75B3-A924-4C7A-AFDB-97D667680BC0} = {C0017B58-F2DD-4BDD-9EB0-419B099D61D2}
		{CB5A8E10-8C08-4F2D-8A14-3BD98ED03904} = {C0017B58-F2DD-4BDD-9EB0-419B099D61D2}
		{DA7BDCAB-1F6A-48F1-8F65-C42F53284D12} = {EFD58FCC-8AFA-44A1-BB02-5B2FC99C3AD9}
	EndGlobalSection
	GlobalSection(ExtensibilityGlobals) = postSolution
		SolutionGuid = {CA4FB879-6F6C-4F6F-BD4E-61ECE301CBB6}
	EndGlobalSection
EndGlobal
